{
  "originHash" : "8187e494137811a499794713d4d66657070953c42ba4c98a861a0e461b2dbb99",
  "pins" : [
    {
      "identity" : "dictionarycoder",
      "kind" : "remoteSourceControl",
      "location" : "https://github.com/almazrafi/DictionaryCoder.git",
      "state" : {
        "revision" : "b3d069fcace8200c041bd3978737d2780772e4be",
        "version" : "1.4.0"
      }
    },
    {
      "identity" : "mocker",
      "kind" : "remoteSourceControl",
      "location" : "https://github.com/WeTransfer/Mocker.git",
      "state" : {
        "revision" : "95fa785c751f6bc40c49e112d433c3acf8417a97",
        "version" : "3.0.2"
      }
    },
    {
      "identity" : "swift-syntax",
      "kind" : "remoteSourceControl",
      "location" : "https://github.com/apple/swift-syntax.git",
      "state" : {
        "revision" : "9de99a78f099e59caf2b2beec65a4c45d54b2081",
        "version" : "603.0.1"
      }
    },
    {
      "identity" : "swiftlintplugins",
      "kind" : "remoteSourceControl",
      "location" : "https://github.com/SimplyDanny/SwiftLintPlugins",
      "state" : {
        "revision" : "ef7d692fc6706e8f5628e26bcafaefa445c58a97",
        "version" : "0.65.1"
      }
    }
  ],
  "version" : 3
}
